
Microsoft Visual Studio Solution File, Format Version 12.00
# Visual Studio Version 17
VisualStudioVersion = 17.9.34728.123
MinimumVisualStudioVersion = 10.0.40219.1
Project("{9A19103F-16F7-4668-BE54-9A1E7A4F7556}") = "WebApi", "WebApi\WebApi.csproj", "{75991E4D-3BC8-4CFC-9C39-4C7D1529CA59}"
EndProject
Project("{E53339B2-1760-4266-BCC7-CA923CBCF16C}") = "docker-compose", "docker-compose.dcproj", "{44ACB274-5BD5-4E1D-ABA4-AEF71D523027}"
EndProject
Global
	GlobalSection(SolutionConfigurationPlatforms) = preSolution
		Debug|Any CPU = Debug|Any CPU
		Release|Any CPU = Release|Any CPU
	EndGlobalSection
	GlobalSection(ProjectConfigurationPlatforms) = postSolution
		{75991E4D-3BC8-4CFC-9C39-4C7D1529CA59}.Debug|Any CPU.ActiveCfg = Debug|Any CPU
		{75991E4D-3BC8-4CFC-9C39-4C7D1529CA59}.Debug|Any CPU.Build.0 = Debug|Any CPU
		{75991E4D-3BC8-4CFC-9C39-4C7D1529CA59}.Release|Any CPU.ActiveCfg = Release|Any CPU
		{75991E4D-3BC8-4CFC-9C39-4C7D1529CA59}.Release|Any CPU.Build.0 = Release|Any CPU
		{44ACB274-5BD5-4E1D-ABA4-AEF71D523027}.Debug|Any CPU.ActiveCfg = Debug|Any CPU
		{44ACB274-5BD5-4E1D-ABA4-AEF71D523027}.Debug|Any CPU.Build.0 = Debug|Any CPU
		{44ACB274-5BD5-4E1D-ABA4-AEF71D523027}.Release|Any CPU.ActiveCfg = Release|Any CPU
		{44ACB274-5BD5-4E1D-ABA4-AEF71D523027}.Release|Any CPU.Build.0 = Release|Any CPU
	EndGlobalSection
	GlobalSection(SolutionProperties) = preSolution
		HideSolutionNode = FALSE
	EndGlobalSection
	GlobalSection(ExtensibilityGlobals) = postSolution
		SolutionGuid = {AC3B5748-3BBC-4722-BB0A-5CE9E75CB5B0}
	EndGlobalSection
EndGlobal
